
Microsoft Visual Studio Solution File, Format Version 12.00
# Visual Studio 14
VisualStudioVersion = 14.0.23107.0
MinimumVisualStudioVersion = 10.0.40219.1
Project("{2150E333-8FDC-42A3-9474-1A3956D46DE8}") = "libs", "libs", "{81564275-EB77-40A9-8E03-20FC50B43CF2}"
	ProjectSection(SolutionItems) = preProject
		libs\MaterialSkin.dll = libs\MaterialSkin.dll
	EndProjectSection
EndProject
Project("{FAE04EC0-301F-11D3-BF4B-00C04F79EFBC}") = "ContactCenterBE", "ContactCenterBE\ContactCenterBE.csproj", "{E4267E64-2E05-4CE7-8ECA-3BB3081D3C6C}"
EndProject
Project("{FAE04EC0-301F-11D3-BF4B-00C04F79EFBC}") = "ContactCenterGUI", "ContactCenterGUI\ContactCenterGUI.csproj", "{0135DE87-AC66-4146-894D-68BA75576377}"
EndProject
Project("{FAE04EC0-301F-11D3-BF4B-00C04F79EFBC}") = "ContactCenterBL", "ContactCenterBL\ContactCenterBL.csproj", "{F241C18D-8D15-4650-AA86-FECC1E4024C2}"
EndProject
Project("{FAE04EC0-301F-11D3-BF4B-00C04F79EFBC}") = "ContactCenterDA", "ContactCenterDA\ContactCenterDA.csproj", "{0924A9A2-121B-4FD1-9426-BAC9048BF5F3}"
EndProject
Project("{FAE04EC0-301F-11D3-BF4B-00C04F79EFBC}") = "ContactCenterServices", "ContactCenterServices\ContactCenterServices.csproj", "{6C5010B3-017B-4C09-9FD3-F46808595730}"
EndProject
Global
	GlobalSection(SolutionConfigurationPlatforms) = preSolution
		Debug|Any CPU = Debug|Any CPU
		Release|Any CPU = Release|Any CPU
	EndGlobalSection
	GlobalSection(ProjectConfigurationPlatforms) = postSolution
		{E4267E64-2E05-4CE7-8ECA-3BB3081D3C6C}.Debug|Any CPU.ActiveCfg = Debug|Any CPU
		{E4267E64-2E05-4CE7-8ECA-3BB3081D3C6C}.Debug|Any CPU.Build.0 = Debug|Any CPU
		{E4267E64-2E05-4CE7-8ECA-3BB3081D3C6C}.Release|Any CPU.ActiveCfg = Release|Any CPU
		{E4267E64-2E05-4CE7-8ECA-3BB3081D3C6C}.Release|Any CPU.Build.0 = Release|Any CPU
		{0135DE87-AC66-4146-894D-68BA75576377}.Debug|Any CPU.ActiveCfg = Debug|Any CPU
		{0135DE87-AC66-4146-894D-68BA75576377}.Debug|Any CPU.Build.0 = Debug|Any CPU
		{0135DE87-AC66-4146-894D-68BA75576377}.Release|Any CPU.ActiveCfg = Release|Any CPU
		{0135DE87-AC66-4146-894D-68BA75576377}.Release|Any CPU.Build.0 = Release|Any CPU
		{F241C18D-8D15-4650-AA86-FECC1E4024C2}.Debug|Any CPU.ActiveCfg = Debug|Any CPU
		{F241C18D-8D15-4650-AA86-FECC1E4024C2}.Debug|Any CPU.Build.0 = Debug|Any CPU
		{F241C18D-8D15-4650-AA86-FECC1E4024C2}.Release|Any CPU.ActiveCfg = Release|Any CPU
		{F241C18D-8D15-4650-AA86-FECC1E4024C2}.Release|Any CPU.Build.0 = Release|Any CPU
		{0924A9A2-121B-4FD1-9426-BAC9048BF5F3}.Debug|Any CPU.ActiveCfg = Debug|Any CPU
		{0924A9A2-121B-4FD1-9426-BAC9048BF5F3}.Debug|Any CPU.Build.0 = Debug|Any CPU
		{0924A9A2-121B-4FD1-9426-BAC9048BF5F3}.Release|Any CPU.ActiveCfg = Release|Any CPU
		{0924A9A2-121B-4FD1-9426-BAC9048BF5F3}.Release|Any CPU.Build.0 = Release|Any CPU
		{6C5010B3-017B-4C09-9FD3-F46808595730}.Debug|Any CPU.ActiveCfg = Debug|Any CPU
		{6C5010B3-017B-4C09-9FD3-F46808595730}.Debug|Any CPU.Build.0 = Debug|Any CPU
		{6C5010B3-017B-4C09-9FD3-F46808595730}.Release|Any CPU.ActiveCfg = Release|Any CPU
		{6C5010B3-017B-4C09-9FD3-F46808595730}.Release|Any CPU.Build.0 = Release|Any CPU
	EndGlobalSection
	GlobalSection(SolutionProperties) = preSolution
		HideSolutionNode = FALSE
	EndGlobalSection
EndGlobal
